
Microsoft Visual Studio Solution File, Format Version 12.00
# Visual Studio Version 16
VisualStudioVersion = 16.0.31515.178
MinimumVisualStudioVersion = 10.0.40219.1
Project("{9A19103F-16F7-4668-BE54-9A1E7A4F7556}") = "ExampleService", "ExampleService.csproj", "{393663E9-B935-4445-A43B-BE22CB935197}"
EndProject
Project("{2150E333-8FDC-42A3-9474-1A3956D46DE8}") = "Solution Items", "Solution Items", "{218F0D1B-107F-4DF7-B0D8-800A0C4E1F0A}"
	ProjectSection(SolutionItems) = preProject
		.editorconfig = .editorconfig
	EndProjectSection
EndProject
Global
	GlobalSection(SolutionConfigurationPlatforms) = preSolution
		Debug|Any CPU = Debug|Any CPU
		Release|Any CPU = Release|Any CPU
	EndGlobalSection
	GlobalSection(ProjectConfigurationPlatforms) = postSolution
		{393663E9-B935-4445-A43B-BE22CB935197}.Debug|Any CPU.ActiveCfg = Debug|Any CPU
		{393663E9-B935-4445-A43B-BE22CB935197}.Debug|Any CPU.Build.0 = Debug|Any CPU
		{393663E9-B935-4445-A43B-BE22CB935197}.Release|Any CPU.ActiveCfg = Release|Any CPU
		{393663E9-B935-4445-A43B-BE22CB935197}.Release|Any CPU.Build.0 = Release|Any CPU
	EndGlobalSection
	GlobalSection(SolutionProperties) = preSolution
		HideSolutionNode = FALSE
	EndGlobalSection
	GlobalSection(ExtensibilityGlobals) = postSolution
		SolutionGuid = {B94E97DC-00DB-483A-AD35-9296A6681F05}
	EndGlobalSection
EndGlobal
